
Microsoft Visual Studio Solution File, Format Version 12.00
# Visual Studio Version 17
VisualStudioVersion = 17.11.35303.130
MinimumVisualStudioVersion = 10.0.40219.1
Project("{9A19103F-16F7-4668-BE54-9A1E7A4F7556}") = "WebsiteApplication", "WebsiteApplication\WebsiteApplication.csproj", "{1837B85D-ABAC-4E2E-B109-1C2CDFBC11DD}"
EndProject
Global
	GlobalSection(SolutionConfigurationPlatforms) = preSolution
		Debug|Any CPU = Debug|Any CPU
		Debug|ARM32 = Debug|ARM32
		Debug|ARM64 = Debug|ARM64
		Debug|x64 = Debug|x64
		Debug|x86 = Debug|x86
		Release|Any CPU = Release|Any CPU
		Release|ARM32 = Release|ARM32
		Release|ARM64 = Release|ARM64
		Release|x64 = Release|x64
		Release|x86 = Release|x86
	EndGlobalSection
	GlobalSection(ProjectConfigurationPlatforms) = postSolution
		{1837B85D-ABAC-4E2E-B109-1C2CDFBC11DD}.Debug|Any CPU.ActiveCfg = Debug|Any CPU
		{1837B85D-ABAC-4E2E-B109-1C2CDFBC11DD}.Debug|Any CPU.Build.0 = Debug|Any CPU
		{1837B85D-ABAC-4E2E-B109-1C2CDFBC11DD}.Debug|ARM32.ActiveCfg = Debug|ARM32
		{1837B85D-ABAC-4E2E-B109-1C2CDFBC11DD}.Debug|ARM32.Build.0 = Debug|ARM32
		{1837B85D-ABAC-4E2E-B109-1C2CDFBC11DD}.Debug|ARM64.ActiveCfg = Debug|ARM64
		{1837B85D-ABAC-4E2E-B109-1C2CDFBC11DD}.Debug|ARM64.Build.0 = Debug|ARM64
		{1837B85D-ABAC-4E2E-B109-1C2CDFBC11DD}.Debug|x64.ActiveCfg = Debug|x64
		{1837B85D-ABAC-4E2E-B109-1C2CDFBC11DD}.Debug|x64.Build.0 = Debug|x64
		{1837B85D-ABAC-4E2E-B109-1C2CDFBC11DD}.Debug|x86.ActiveCfg = Debug|x86
		{1837B85D-ABAC-4E2E-B109-1C2CDFBC11DD}.Debug|x86.Build.0 = Debug|x86
		{1837B85D-ABAC-4E2E-B109-1C2CDFBC11DD}.Release|Any CPU.ActiveCfg = Release|Any CPU
		{1837B85D-ABAC-4E2E-B109-1C2CDFBC11DD}.Release|Any CPU.Build.0 = Release|Any CPU
		{1837B85D-ABAC-4E2E-B109-1C2CDFBC11DD}.Release|ARM32.ActiveCfg = Release|ARM32
		{1837B85D-ABAC-4E2E-B109-1C2CDFBC11DD}.Release|ARM32.Build.0 = Release|ARM32
		{1837B85D-ABAC-4E2E-B109-1C2CDFBC11DD}.Release|ARM64.ActiveCfg = Release|ARM64
		{1837B85D-ABAC-4E2E-B109-1C2CDFBC11DD}.Release|ARM64.Build.0 = Release|ARM64
		{1837B85D-ABAC-4E2E-B109-1C2CDFBC11DD}.Release|x64.ActiveCfg = Release|x64
		{1837B85D-ABAC-4E2E-B109-1C2CDFBC11DD}.Release|x64.Build.0 = Release|x64
		{1837B85D-ABAC-4E2E-B109-1C2CDFBC11DD}.Release|x86.ActiveCfg = Release|x86
		{1837B85D-ABAC-4E2E-B109-1C2CDFBC11DD}.Release|x86.Build.0 = Release|x86
	EndGlobalSection
	GlobalSection(SolutionProperties) = preSolution
		HideSolutionNode = FALSE
	EndGlobalSection
	GlobalSection(ExtensibilityGlobals) = postSolution
		SolutionGuid = {4A716D27-E7A9-4426-8D5A-B11BBDB903AF}
	EndGlobalSection
EndGlobal
